// !$*UTF8*$!
{
	archiveVersion = 1;
	classes = {
	};
	objectVersion = 46;
	objects = {

/* Begin PBXBuildFile section */
		5E2D5D1318E921310064B400 /* Foundation.framework in Frameworks */ = {isa = PBXBuildFile; fileRef = 5E2D5D1218E921310064B400 /* Foundation.framework */; };
		5E2D5D2118E921310064B400 /* XCTest.framework in Frameworks */ = {isa = PBXBuildFile; fileRef = 5E2D5D2018E921310064B400 /* XCTest.framework */; };
		5E2D5D2218E921310064B400 /* Foundation.framework in Frameworks */ = {isa = PBXBuildFile; fileRef = 5E2D5D1218E921310064B400 /* Foundation.framework */; };
		5E2D5D2418E921310064B400 /* UIKit.framework in Frameworks */ = {isa = PBXBuildFile; fileRef = 5E2D5D2318E921310064B400 /* UIKit.framework */; };
		5E2D5D2718E921310064B400 /* libCLJConcurrency.a in Frameworks */ = {isa = PBXBuildFile; fileRef = 5E2D5D0F18E921310064B400 /* libCLJConcurrency.a */; };
		5E2D5D2D18E921310064B400 /* InfoPlist.strings in Resources */ = {isa = PBXBuildFile; fileRef = 5E2D5D2B18E921310064B400 /* InfoPlist.strings */; };
		5E2D5D2F18E921310064B400 /* CLJConcurrencyTests.m in Sources */ = {isa = PBXBuildFile; fileRef = 5E2D5D2E18E921310064B400 /* CLJConcurrencyTests.m */; };
		5E2D5D3A18E9238A0064B400 /* CLJFuture.m in Sources */ = {isa = PBXBuildFile; fileRef = 5E2D5D3918E9238A0064B400 /* CLJFuture.m */; };
		5E614ADD193675930032A4C1 /* CLJChan.m in Sources */ = {isa = PBXBuildFile; fileRef = 5E614ADC193675930032A4C1 /* CLJChan.m */; };
		5E9C93BC1939974B007FE009 /* CLJRendezvous.m in Sources */ = {isa = PBXBuildFile; fileRef = 5E9C93BB1939974B007FE009 /* CLJRendezvous.m */; };
		5E9CBF3D19352F86003A8FDA /* CLJDelay.m in Sources */ = {isa = PBXBuildFile; fileRef = 5E9CBF3C19352F86003A8FDA /* CLJDelay.m */; };
		5E9CBF4019352F97003A8FDA /* CLJPromise.m in Sources */ = {isa = PBXBuildFile; fileRef = 5E9CBF3F19352F97003A8FDA /* CLJPromise.m */; };
/* End PBXBuildFile section */

/* Begin PBXContainerItemProxy section */
		5E2D5D2518E921310064B400 /* PBXContainerItemProxy */ = {
			isa = PBXContainerItemProxy;
			containerPortal = 5E2D5D0718E921310064B400 /* Project object */;
			proxyType = 1;
			remoteGlobalIDString = 5E2D5D0E18E921310064B400;
			remoteInfo = CLJConcurrency;
		};
/* End PBXContainerItemProxy section */

/* Begin PBXCopyFilesBuildPhase section */
		5E2D5D0D18E921310064B400 /* CopyFiles */ = {
			isa = PBXCopyFilesBuildPhase;
			buildActionMask = 2147483647;
			dstPath = "include/$(PRODUCT_NAME)";
			dstSubfolderSpec = 16;
			files = (
			);
			runOnlyForDeploymentPostprocessing = 0;
		};
/* End PBXCopyFilesBuildPhase section */

/* Begin PBXFileReference section */
		5E2D5D0F18E921310064B400 /* libCLJConcurrency.a */ = {isa = PBXFileReference; explicitFileType = archive.ar; includeInIndex = 0; path = libCLJConcurrency.a; sourceTree = BUILT_PRODUCTS_DIR; };
		5E2D5D1218E921310064B400 /* Foundation.framework */ = {isa = PBXFileReference; lastKnownFileType = wrapper.framework; name = Foundation.framework; path = System/Library/Frameworks/Foundation.framework; sourceTree = SDKROOT; };
		5E2D5D1618E921310064B400 /* CLJConcurrency-Prefix.pch */ = {isa = PBXFileReference; lastKnownFileType = sourcecode.c.h; path = "CLJConcurrency-Prefix.pch"; sourceTree = "<group>"; };
		5E2D5D1F18E921310064B400 /* CLJConcurrencyTests.xctest */ = {isa = PBXFileReference; explicitFileType = wrapper.cfbundle; includeInIndex = 0; path = CLJConcurrencyTests.xctest; sourceTree = BUILT_PRODUCTS_DIR; };
		5E2D5D2018E921310064B400 /* XCTest.framework */ = {isa = PBXFileReference; lastKnownFileType = wrapper.framework; name = XCTest.framework; path = Library/Frameworks/XCTest.framework; sourceTree = DEVELOPER_DIR; };
		5E2D5D2318E921310064B400 /* UIKit.framework */ = {isa = PBXFileReference; lastKnownFileType = wrapper.framework; name = UIKit.framework; path = Library/Frameworks/UIKit.framework; sourceTree = DEVELOPER_DIR; };
		5E2D5D2A18E921310064B400 /* CLJConcurrencyTests-Info.plist */ = {isa = PBXFileReference; lastKnownFileType = text.plist.xml; path = "CLJConcurrencyTests-Info.plist"; sourceTree = "<group>"; };
		5E2D5D2C18E921310064B400 /* en */ = {isa = PBXFileReference; lastKnownFileType = text.plist.strings; name = en; path = en.lproj/InfoPlist.strings; sourceTree = "<group>"; };
		5E2D5D2E18E921310064B400 /* CLJConcurrencyTests.m */ = {isa = PBXFileReference; lastKnownFileType = sourcecode.c.objc; path = CLJConcurrencyTests.m; sourceTree = "<group>"; };
		5E2D5D3818E9238A0064B400 /* CLJFuture.h */ = {isa = PBXFileReference; fileEncoding = 4; lastKnownFileType = sourcecode.c.h; path = CLJFuture.h; sourceTree = "<group>"; };
		5E2D5D3918E9238A0064B400 /* CLJFuture.m */ = {isa = PBXFileReference; fileEncoding = 4; lastKnownFileType = sourcecode.c.objc; path = CLJFuture.m; sourceTree = "<group>"; };
		5E614ADB193675930032A4C1 /* CLJChan.h */ = {isa = PBXFileReference; fileEncoding = 4; lastKnownFileType = sourcecode.c.h; path = CLJChan.h; sourceTree = "<group>"; };
		5E614ADC193675930032A4C1 /* CLJChan.m */ = {isa = PBXFileReference; fileEncoding = 4; lastKnownFileType = sourcecode.c.objc; path = CLJChan.m; sourceTree = "<group>"; };
		5E9C93BA1939974B007FE009 /* CLJRendezvous.h */ = {isa = PBXFileReference; fileEncoding = 4; lastKnownFileType = sourcecode.c.h; path = CLJRendezvous.h; sourceTree = "<group>"; };
		5E9C93BB1939974B007FE009 /* CLJRendezvous.m */ = {isa = PBXFileReference; fileEncoding = 4; lastKnownFileType = sourcecode.c.objc; path = CLJRendezvous.m; sourceTree = "<group>"; };
		5E9CBF3B19352F86003A8FDA /* CLJDelay.h */ = {isa = PBXFileReference; fileEncoding = 4; lastKnownFileType = sourcecode.c.h; path = CLJDelay.h; sourceTree = "<group>"; };
		5E9CBF3C19352F86003A8FDA /* CLJDelay.m */ = {isa = PBXFileReference; fileEncoding = 4; lastKnownFileType = sourcecode.c.objc; path = CLJDelay.m; sourceTree = "<group>"; };
		5E9CBF3E19352F97003A8FDA /* CLJPromise.h */ = {isa = PBXFileReference; fileEncoding = 4; lastKnownFileType = sourcecode.c.h; path = CLJPromise.h; sourceTree = "<group>"; };
		5E9CBF3F19352F97003A8FDA /* CLJPromise.m */ = {isa = PBXFileReference; fileEncoding = 4; lastKnownFileType = sourcecode.c.objc; path = CLJPromise.m; sourceTree = "<group>"; };
/* End PBXFileReference section */

/* Begin PBXFrameworksBuildPhase section */
		5E2D5D0C18E921310064B400 /* Frameworks */ = {
			isa = PBXFrameworksBuildPhase;
			buildActionMask = 2147483647;
			files = (
				5E2D5D1318E921310064B400 /* Foundation.framework in Frameworks */,
			);
			runOnlyForDeploymentPostprocessing = 0;
		};
		5E2D5D1C18E921310064B400 /* Frameworks */ = {
			isa = PBXFrameworksBuildPhase;
			buildActionMask = 2147483647;
			files = (
				5E2D5D2118E921310064B400 /* XCTest.framework in Frameworks */,
				5E2D5D2718E921310064B400 /* libCLJConcurrency.a in Frameworks */,
				5E2D5D2418E921310064B400 /* UIKit.framework in Frameworks */,
				5E2D5D2218E921310064B400 /* Foundation.framework in Frameworks */,
			);
			runOnlyForDeploymentPostprocessing = 0;
		};
/* End PBXFrameworksBuildPhase section */

/* Begin PBXGroup section */
		5E2D5D0618E921310064B400 = {
			isa = PBXGroup;
			children = (
				5E2D5D1418E921310064B400 /* CLJConcurrency */,
				5E2D5D2818E921310064B400 /* CLJConcurrencyTests */,
				5E2D5D1118E921310064B400 /* Frameworks */,
				5E2D5D1018E921310064B400 /* Products */,
			);
			sourceTree = "<group>";
		};
		5E2D5D1018E921310064B400 /* Products */ = {
			isa = PBXGroup;
			children = (
				5E2D5D0F18E921310064B400 /* libCLJConcurrency.a */,
				5E2D5D1F18E921310064B400 /* CLJConcurrencyTests.xctest */,
			);
			name = Products;
			sourceTree = "<group>";
		};
		5E2D5D1118E921310064B400 /* Frameworks */ = {
			isa = PBXGroup;
			children = (
				5E2D5D1218E921310064B400 /* Foundation.framework */,
				5E2D5D2018E921310064B400 /* XCTest.framework */,
				5E2D5D2318E921310064B400 /* UIKit.framework */,
			);
			name = Frameworks;
			sourceTree = "<group>";
		};
		5E2D5D1418E921310064B400 /* CLJConcurrency */ = {
			isa = PBXGroup;
			children = (
				5E2D5D1518E921310064B400 /* Supporting Files */,
				5E2D5D3818E9238A0064B400 /* CLJFuture.h */,
				5E2D5D3918E9238A0064B400 /* CLJFuture.m */,
				5E9CBF3B19352F86003A8FDA /* CLJDelay.h */,
				5E9CBF3C19352F86003A8FDA /* CLJDelay.m */,
				5E9CBF3E19352F97003A8FDA /* CLJPromise.h */,
				5E9CBF3F19352F97003A8FDA /* CLJPromise.m */,
				5E614ADB193675930032A4C1 /* CLJChan.h */,
				5E614ADC193675930032A4C1 /* CLJChan.m */,
				5E9C93BA1939974B007FE009 /* CLJRendezvous.h */,
				5E9C93BB1939974B007FE009 /* CLJRendezvous.m */,
			);
			path = CLJConcurrency;
			sourceTree = "<group>";
		};
		5E2D5D1518E921310064B400 /* Supporting Files */ = {
			isa = PBXGroup;
			children = (
				5E2D5D1618E921310064B400 /* CLJConcurrency-Prefix.pch */,
			);
			name = "Supporting Files";
			sourceTree = "<group>";
		};
		5E2D5D2818E921310064B400 /* CLJConcurrencyTests */ = {
			isa = PBXGroup;
			children = (
				5E2D5D2E18E921310064B400 /* CLJConcurrencyTests.m */,
				5E2D5D2918E921310064B400 /* Supporting Files */,
			);
			path = CLJConcurrencyTests;
			sourceTree = "<group>";
		};
		5E2D5D2918E921310064B400 /* Supporting Files */ = {
			isa = PBXGroup;
			children = (
				5E2D5D2A18E921310064B400 /* CLJConcurrencyTests-Info.plist */,
				5E2D5D2B18E921310064B400 /* InfoPlist.strings */,
			);
			name = "Supporting Files";
			sourceTree = "<group>";
		};
/* End PBXGroup section */

/* Begin PBXNativeTarget section */
		5E2D5D0E18E921310064B400 /* CLJConcurrency */ = {
			isa = PBXNativeTarget;
			buildConfigurationList = 5E2D5D3218E921310064B400 /* Build configuration list for PBXNativeTarget "CLJConcurrency" */;
			buildPhases = (
				5E2D5D0B18E921310064B400 /* Sources */,
				5E2D5D0C18E921310064B400 /* Frameworks */,
				5E2D5D0D18E921310064B400 /* CopyFiles */,
			);
			buildRules = (
			);
			dependencies = (
			);
			name = CLJConcurrency;
			productName = CLJConcurrency;
			productReference = 5E2D5D0F18E921310064B400 /* libCLJConcurrency.a */;
			productType = "com.apple.product-type.library.static";
		};
		5E2D5D1E18E921310064B400 /* CLJConcurrencyTests */ = {
			isa = PBXNativeTarget;
			buildConfigurationList = 5E2D5D3518E921310064B400 /* Build configuration list for PBXNativeTarget "CLJConcurrencyTests" */;
			buildPhases = (
				5E2D5D1B18E921310064B400 /* Sources */,
				5E2D5D1C18E921310064B400 /* Frameworks */,
				5E2D5D1D18E921310064B400 /* Resources */,
			);
			buildRules = (
			);
			dependencies = (
				5E2D5D2618E921310064B400 /* PBXTargetDependency */,
			);
			name = CLJConcurrencyTests;
			productName = CLJConcurrencyTests;
			productReference = 5E2D5D1F18E921310064B400 /* CLJConcurrencyTests.xctest */;
			productType = "com.apple.product-type.bundle.unit-test";
		};
/* End PBXNativeTarget section */

/* Begin PBXProject section */
		5E2D5D0718E921310064B400 /* Project object */ = {
			isa = PBXProject;
			attributes = {
				LastUpgradeCheck = 0510;
				ORGANIZATIONNAME = "Bloom FIlter";
			};
			buildConfigurationList = 5E2D5D0A18E921310064B400 /* Build configuration list for PBXProject "CLJConcurrency" */;
			compatibilityVersion = "Xcode 3.2";
			developmentRegion = English;
			hasScannedForEncodings = 0;
			knownRegions = (
				en,
			);
			mainGroup = 5E2D5D0618E921310064B400;
			productRefGroup = 5E2D5D1018E921310064B400 /* Products */;
			projectDirPath = "";
			projectRoot = "";
			targets = (
				5E2D5D0E18E921310064B400 /* CLJConcurrency */,
				5E2D5D1E18E921310064B400 /* CLJConcurrencyTests */,
			);
		};
/* End PBXProject section */

/* Begin PBXResourcesBuildPhase section */
		5E2D5D1D18E921310064B400 /* Resources */ = {
			isa = PBXResourcesBuildPhase;
			buildActionMask = 2147483647;
			files = (
				5E2D5D2D18E921310064B400 /* InfoPlist.strings in Resources */,
			);
			runOnlyForDeploymentPostprocessing = 0;
		};
/* End PBXResourcesBuildPhase section */

/* Begin PBXSourcesBuildPhase section */
		5E2D5D0B18E921310064B400 /* Sources */ = {
			isa = PBXSourcesBuildPhase;
			buildActionMask = 2147483647;
			files = (
				5E9C93BC1939974B007FE009 /* CLJRendezvous.m in Sources */,
				5E2D5D3A18E9238A0064B400 /* CLJFuture.m in Sources */,
				5E9CBF3D19352F86003A8FDA /* CLJDelay.m in Sources */,
				5E9CBF4019352F97003A8FDA /* CLJPromise.m in Sources */,
				5E614ADD193675930032A4C1 /* CLJChan.m in Sources */,
			);
			runOnlyForDeploymentPostprocessing = 0;
		};
		5E2D5D1B18E921310064B400 /* Sources */ = {
			isa = PBXSourcesBuildPhase;
			buildActionMask = 2147483647;
			files = (
				5E2D5D2F18E921310064B400 /* CLJConcurrencyTests.m in Sources */,
			);
			runOnlyForDeploymentPostprocessing = 0;
		};
/* End PBXSourcesBuildPhase section */

/* Begin PBXTargetDependency section */
		5E2D5D2618E921310064B400 /* PBXTargetDependency */ = {
			isa = PBXTargetDependency;
			target = 5E2D5D0E18E921310064B400 /* CLJConcurrency */;
			targetProxy = 5E2D5D2518E921310064B400 /* PBXContainerItemProxy */;
		};
/* End PBXTargetDependency section */

/* Begin PBXVariantGroup section */
		5E2D5D2B18E921310064B400 /* InfoPlist.strings */ = {
			isa = PBXVariantGroup;
			children = (
				5E2D5D2C18E921310064B400 /* en */,
			);
			name = InfoPlist.strings;
			sourceTree = "<group>";
		};
/* End PBXVariantGroup section */

/* Begin XCBuildConfiguration section */
		5E2D5D3018E921310064B400 /* Debug */ = {
			isa = XCBuildConfiguration;
			buildSettings = {
				ALWAYS_SEARCH_USER_PATHS = NO;
				CLANG_CXX_LANGUAGE_STANDARD = "gnu++0x";
				CLANG_CXX_LIBRARY = "libc++";
				CLANG_ENABLE_MODULES = YES;
				CLANG_ENABLE_OBJC_ARC = YES;
				CLANG_WARN_BOOL_CONVERSION = YES;
				CLANG_WARN_CONSTANT_CONVERSION = YES;
				CLANG_WARN_DIRECT_OBJC_ISA_USAGE = YES_ERROR;
				CLANG_WARN_EMPTY_BODY = YES;
				CLANG_WARN_ENUM_CONVERSION = YES;
				CLANG_WARN_INT_CONVERSION = YES;
				CLANG_WARN_OBJC_ROOT_CLASS = YES_ERROR;
				CLANG_WARN__DUPLICATE_METHOD_MATCH = YES;
				COPY_PHASE_STRIP = NO;
				GCC_C_LANGUAGE_STANDARD = gnu99;
				GCC_DYNAMIC_NO_PIC = NO;
				GCC_OPTIMIZATION_LEVEL = 0;
				GCC_PREPROCESSOR_DEFINITIONS = (
					"DEBUG=1",
					"$(inherited)",
				);
				GCC_SYMBOLS_PRIVATE_EXTERN = NO;
				GCC_WARN_64_TO_32_BIT_CONVERSION = YES;
				GCC_WARN_ABOUT_RETURN_TYPE = YES_ERROR;
				GCC_WARN_UNDECLARED_SELECTOR = YES;
				GCC_WARN_UNINITIALIZED_AUTOS = YES_AGGRESSIVE;
				GCC_WARN_UNUSED_FUNCTION = YES;
				GCC_WARN_UNUSED_VARIABLE = YES;
				IPHONEOS_DEPLOYMENT_TARGET = 7.1;
				ONLY_ACTIVE_ARCH = YES;
				SDKROOT = iphoneos;
			};
			name = Debug;
		};
		5E2D5D3118E921310064B400 /* Release */ = {
			isa = XCBuildConfiguration;
			buildSettings = {
				ALWAYS_SEARCH_USER_PATHS = NO;
				CLANG_CXX_LANGUAGE_STANDARD = "gnu++0x";
				CLANG_CXX_LIBRARY = "libc++";
				CLANG_ENABLE_MODULES = YES;
				CLANG_ENABLE_OBJC_ARC = YES;
				CLANG_WARN_BOOL_CONVERSION = YES;
				CLANG_WARN_CONSTANT_CONVERSION = YES;
				CLANG_WARN_DIRECT_OBJC_ISA_USAGE = YES_ERROR;
				CLANG_WARN_EMPTY_BODY = YES;
				CLANG_WARN_ENUM_CONVERSION = YES;
				CLANG_WARN_INT_CONVERSION = YES;
				CLANG_WARN_OBJC_ROOT_CLASS = YES_ERROR;
				CLANG_WARN__DUPLICATE_METHOD_MATCH = YES;
				COPY_PHASE_STRIP = YES;
				ENABLE_NS_ASSERTIONS = NO;
				GCC_C_LANGUAGE_STANDARD = gnu99;
				GCC_WARN_64_TO_32_BIT_CONVERSION = YES;
				GCC_WARN_ABOUT_RETURN_TYPE = YES_ERROR;
				GCC_WARN_UNDECLARED_SELECTOR = YES;
				GCC_WARN_UNINITIALIZED_AUTOS = YES_AGGRESSIVE;
				GCC_WARN_UNUSED_FUNCTION = YES;
				GCC_WARN_UNUSED_VARIABLE = YES;
				IPHONEOS_DEPLOYMENT_TARGET = 7.1;
				SDKROOT = iphoneos;
				VALIDATE_PRODUCT = YES;
			};
			name = Release;
		};
		5E2D5D3318E921310064B400 /* Debug */ = {
			isa = XCBuildConfiguration;
			buildSettings = {
				DSTROOT = /tmp/CLJConcurrency.dst;
				GCC_PRECOMPILE_PREFIX_HEADER = YES;
				GCC_PREFIX_HEADER = "CLJConcurrency/CLJConcurrency-Prefix.pch";
				OTHER_LDFLAGS = "-ObjC";
				PRODUCT_NAME = "$(TARGET_NAME)";
				SKIP_INSTALL = YES;
			};
			name = Debug;
		};
		5E2D5D3418E921310064B400 /* Release */ = {
			isa = XCBuildConfiguration;
			buildSettings = {
				DSTROOT = /tmp/CLJConcurrency.dst;
				GCC_PRECOMPILE_PREFIX_HEADER = YES;
				GCC_PREFIX_HEADER = "CLJConcurrency/CLJConcurrency-Prefix.pch";
				OTHER_LDFLAGS = "-ObjC";
				PRODUCT_NAME = "$(TARGET_NAME)";
				SKIP_INSTALL = YES;
			};
			name = Release;
		};
		5E2D5D3618E921310064B400 /* Debug */ = {
			isa = XCBuildConfiguration;
			buildSettings = {
				FRAMEWORK_SEARCH_PATHS = (
					"$(SDKROOT)/Developer/Library/Frameworks",
					"$(inherited)",
					"$(DEVELOPER_FRAMEWORKS_DIR)",
				);
				GCC_PRECOMPILE_PREFIX_HEADER = YES;
				GCC_PREFIX_HEADER = "CLJConcurrency/CLJConcurrency-Prefix.pch";
				GCC_PREPROCESSOR_DEFINITIONS = (
					"DEBUG=1",
					"$(inherited)",
				);
				INFOPLIST_FILE = "CLJConcurrencyTests/CLJConcurrencyTests-Info.plist";
				PRODUCT_NAME = "$(TARGET_NAME)";
				WRAPPER_EXTENSION = xctest;
			};
			name = Debug;
		};
		5E2D5D3718E921310064B400 /* Release */ = {
			isa = XCBuildConfiguration;
			buildSettings = {
				FRAMEWORK_SEARCH_PATHS = (
					"$(SDKROOT)/Developer/Library/Frameworks",
					"$(inherited)",
					"$(DEVELOPER_FRAMEWORKS_DIR)",
				);
				GCC_PRECOMPILE_PREFIX_HEADER = YES;
				GCC_PREFIX_HEADER = "CLJConcurrency/CLJConcurrency-Prefix.pch";
				INFOPLIST_FILE = "CLJConcurrencyTests/CLJConcurrencyTests-Info.plist";
				PRODUCT_NAME = "$(TARGET_NAME)";
				WRAPPER_EXTENSION = xctest;
			};
			name = Release;
		};
/* End XCBuildConfiguration section */

/* Begin XCConfigurationList section */
		5E2D5D0A18E921310064B400 /* Build configuration list for PBXProject "CLJConcurrency" */ = {
			isa = XCConfigurationList;
			buildConfigurations = (
				5E2D5D3018E921310064B400 /* Debug */,
				5E2D5D3118E921310064B400 /* Release */,
			);
			defaultConfigurationIsVisible = 0;
			defaultConfigurationName = Release;
		};
		5E2D5D3218E921310064B400 /* Build configuration list for PBXNativeTarget "CLJConcurrency" */ = {
			isa = XCConfigurationList;
			buildConfigurations = (
				5E2D5D3318E921310064B400 /* Debug */,
				5E2D5D3418E921310064B400 /* Release */,
			);
			defaultConfigurationIsVisible = 0;
			defaultConfigurationName = Release;
		};
		5E2D5D3518E921310064B400 /* Build configuration list for PBXNativeTarget "CLJConcurrencyTests" */ = {
			isa = XCConfigurationList;
			buildConfigurations = (
				5E2D5D3618E921310064B400 /* Debug */,
				5E2D5D3718E921310064B400 /* Release */,
			);
			defaultConfigurationIsVisible = 0;
			defaultConfigurationName = Release;
		};
/* End XCConfigurationList section */
	};
	rootObject = 5E2D5D0718E921310064B400 /* Project object */;
}
